
Microsoft Visual Studio Solution File, Format Version 12.00
# Visual Studio Version 17
VisualStudioVersion = 17.9.34407.89
MinimumVisualStudioVersion = 10.0.40219.1
Project("{FAE04EC0-301F-11D3-BF4B-00C04F79EFBC}") = "Problem2_5", "Problem2_5\Problem2_5.csproj", "{99BFAA23-569A-45E2-8592-6469FD644542}"
EndProject
Global
	GlobalSection(SolutionConfigurationPlatforms) = preSolution
		Debug|Any CPU = Debug|Any CPU
		Release|Any CPU = Release|Any CPU
	EndGlobalSection
	GlobalSection(ProjectConfigurationPlatforms) = postSolution
		{99BFAA23-569A-45E2-8592-6469FD644542}.Debug|Any CPU.ActiveCfg = Debug|Any CPU
		{99BFAA23-569A-45E2-8592-6469FD644542}.Debug|Any CPU.Build.0 = Debug|Any CPU
		{99BFAA23-569A-45E2-8592-6469FD644542}.Release|Any CPU.ActiveCfg = Release|Any CPU
		{99BFAA23-569A-45E2-8592-6469FD644542}.Release|Any CPU.Build.0 = Release|Any CPU
	EndGlobalSection
	GlobalSection(SolutionProperties) = preSolution
		HideSolutionNode = FALSE
	EndGlobalSection
	GlobalSection(ExtensibilityGlobals) = postSolution
		SolutionGuid = {270CBA40-4F3D-4A68-992C-7F9A52394DBC}
	EndGlobalSection
EndGlobal
