
Microsoft Visual Studio Solution File, Format Version 12.00
# Visual Studio Version 17
VisualStudioVersion = 17.9.34407.89
MinimumVisualStudioVersion = 10.0.40219.1
Project("{FAE04EC0-301F-11D3-BF4B-00C04F79EFBC}") = "Problem2_6", "Problem2_6\Problem2_6.csproj", "{59D82E0F-3AEC-4A5C-9280-26A23319FFB1}"
EndProject
Global
	GlobalSection(SolutionConfigurationPlatforms) = preSolution
		Debug|Any CPU = Debug|Any CPU
		Release|Any CPU = Release|Any CPU
	EndGlobalSection
	GlobalSection(ProjectConfigurationPlatforms) = postSolution
		{59D82E0F-3AEC-4A5C-9280-26A23319FFB1}.Debug|Any CPU.ActiveCfg = Debug|Any CPU
		{59D82E0F-3AEC-4A5C-9280-26A23319FFB1}.Debug|Any CPU.Build.0 = Debug|Any CPU
		{59D82E0F-3AEC-4A5C-9280-26A23319FFB1}.Release|Any CPU.ActiveCfg = Release|Any CPU
		{59D82E0F-3AEC-4A5C-9280-26A23319FFB1}.Release|Any CPU.Build.0 = Release|Any CPU
	EndGlobalSection
	GlobalSection(SolutionProperties) = preSolution
		HideSolutionNode = FALSE
	EndGlobalSection
	GlobalSection(ExtensibilityGlobals) = postSolution
		SolutionGuid = {E7F8F088-DB3A-4F29-A64E-87DA05953204}
	EndGlobalSection
EndGlobal
