
Microsoft Visual Studio Solution File, Format Version 12.00
# Visual Studio Version 17
VisualStudioVersion = 17.9.34407.89
MinimumVisualStudioVersion = 10.0.40219.1
Project("{FAE04EC0-301F-11D3-BF4B-00C04F79EFBC}") = "Problem2_10", "Problem2_10\Problem2_10.csproj", "{090AF199-BF89-4265-BC36-76CE5D8AE193}"
EndProject
Global
	GlobalSection(SolutionConfigurationPlatforms) = preSolution
		Debug|Any CPU = Debug|Any CPU
		Release|Any CPU = Release|Any CPU
	EndGlobalSection
	GlobalSection(ProjectConfigurationPlatforms) = postSolution
		{090AF199-BF89-4265-BC36-76CE5D8AE193}.Debug|Any CPU.ActiveCfg = Debug|Any CPU
		{090AF199-BF89-4265-BC36-76CE5D8AE193}.Debug|Any CPU.Build.0 = Debug|Any CPU
		{090AF199-BF89-4265-BC36-76CE5D8AE193}.Release|Any CPU.ActiveCfg = Release|Any CPU
		{090AF199-BF89-4265-BC36-76CE5D8AE193}.Release|Any CPU.Build.0 = Release|Any CPU
	EndGlobalSection
	GlobalSection(SolutionProperties) = preSolution
		HideSolutionNode = FALSE
	EndGlobalSection
	GlobalSection(ExtensibilityGlobals) = postSolution
		SolutionGuid = {7CEAE065-F3F4-4FD1-9765-839CBA4660C4}
	EndGlobalSection
EndGlobal
