
Microsoft Visual Studio Solution File, Format Version 12.00
# Visual Studio Version 17
VisualStudioVersion = 17.9.34407.89
MinimumVisualStudioVersion = 10.0.40219.1
Project("{FAE04EC0-301F-11D3-BF4B-00C04F79EFBC}") = "Problem2_9", "Problem2_9\Problem2_9.csproj", "{F88BBD78-9EBE-48A4-B7BB-A1297EB9BE85}"
EndProject
Global
	GlobalSection(SolutionConfigurationPlatforms) = preSolution
		Debug|Any CPU = Debug|Any CPU
		Release|Any CPU = Release|Any CPU
	EndGlobalSection
	GlobalSection(ProjectConfigurationPlatforms) = postSolution
		{F88BBD78-9EBE-48A4-B7BB-A1297EB9BE85}.Debug|Any CPU.ActiveCfg = Debug|Any CPU
		{F88BBD78-9EBE-48A4-B7BB-A1297EB9BE85}.Debug|Any CPU.Build.0 = Debug|Any CPU
		{F88BBD78-9EBE-48A4-B7BB-A1297EB9BE85}.Release|Any CPU.ActiveCfg = Release|Any CPU
		{F88BBD78-9EBE-48A4-B7BB-A1297EB9BE85}.Release|Any CPU.Build.0 = Release|Any CPU
	EndGlobalSection
	GlobalSection(SolutionProperties) = preSolution
		HideSolutionNode = FALSE
	EndGlobalSection
	GlobalSection(ExtensibilityGlobals) = postSolution
		SolutionGuid = {41D13AD5-7729-4ECF-84AB-D044DFD0B49F}
	EndGlobalSection
EndGlobal
