
Microsoft Visual Studio Solution File, Format Version 12.00
# Visual Studio Version 17
VisualStudioVersion = 17.9.34407.89
MinimumVisualStudioVersion = 10.0.40219.1
Project("{FAE04EC0-301F-11D3-BF4B-00C04F79EFBC}") = "Problem2_7", "Problem2_7\Problem2_7.csproj", "{0CD7075B-3333-42F5-82DC-98FA1AB5DFAC}"
EndProject
Global
	GlobalSection(SolutionConfigurationPlatforms) = preSolution
		Debug|Any CPU = Debug|Any CPU
		Release|Any CPU = Release|Any CPU
	EndGlobalSection
	GlobalSection(ProjectConfigurationPlatforms) = postSolution
		{0CD7075B-3333-42F5-82DC-98FA1AB5DFAC}.Debug|Any CPU.ActiveCfg = Debug|Any CPU
		{0CD7075B-3333-42F5-82DC-98FA1AB5DFAC}.Debug|Any CPU.Build.0 = Debug|Any CPU
		{0CD7075B-3333-42F5-82DC-98FA1AB5DFAC}.Release|Any CPU.ActiveCfg = Release|Any CPU
		{0CD7075B-3333-42F5-82DC-98FA1AB5DFAC}.Release|Any CPU.Build.0 = Release|Any CPU
	EndGlobalSection
	GlobalSection(SolutionProperties) = preSolution
		HideSolutionNode = FALSE
	EndGlobalSection
	GlobalSection(ExtensibilityGlobals) = postSolution
		SolutionGuid = {334570D1-E2B1-4D71-AF00-2CEE333DED63}
	EndGlobalSection
EndGlobal
