
Microsoft Visual Studio Solution File, Format Version 12.00
# Visual Studio Version 17
VisualStudioVersion = 17.9.34407.89
MinimumVisualStudioVersion = 10.0.40219.1
Project("{FAE04EC0-301F-11D3-BF4B-00C04F79EFBC}") = "problem2_1", "problem2_1\problem2_1.csproj", "{CA16D7B3-038D-450E-9C29-3861B4EB2217}"
EndProject
Global
	GlobalSection(SolutionConfigurationPlatforms) = preSolution
		Debug|Any CPU = Debug|Any CPU
		Release|Any CPU = Release|Any CPU
	EndGlobalSection
	GlobalSection(ProjectConfigurationPlatforms) = postSolution
		{CA16D7B3-038D-450E-9C29-3861B4EB2217}.Debug|Any CPU.ActiveCfg = Debug|Any CPU
		{CA16D7B3-038D-450E-9C29-3861B4EB2217}.Debug|Any CPU.Build.0 = Debug|Any CPU
		{CA16D7B3-038D-450E-9C29-3861B4EB2217}.Release|Any CPU.ActiveCfg = Release|Any CPU
		{CA16D7B3-038D-450E-9C29-3861B4EB2217}.Release|Any CPU.Build.0 = Release|Any CPU
	EndGlobalSection
	GlobalSection(SolutionProperties) = preSolution
		HideSolutionNode = FALSE
	EndGlobalSection
	GlobalSection(ExtensibilityGlobals) = postSolution
		SolutionGuid = {D2B1A91E-D68E-46C3-B168-3BE695DBB9EF}
	EndGlobalSection
EndGlobal
